{
  "name": "database",
  "version": "1.0.0",
  "lockfileVersion": 3,
  "requires": true,
  "packages": {
    "": {
      "name": "database",
      "version": "1.0.0",
      "license": "ISC",
      "dependencies": {
        "@prisma/client": "^5.16.1"
      },
      "devDependencies": {
        "prisma": "^5.16.1"
      }
    },
    "node_modules/@prisma/client": {
      "version": "5.16.1",
      "resolved": "https://registry.npmjs.org/@prisma/client/-/client-5.16.1.tgz",
      "integrity": "sha512-wM9SKQjF0qLxdnOZIVAIMKiz6Hu7vDt4FFAih85K1dk/Rr2mdahy6d3QP41K62N9O0DJJA//gUDA3Mp49xsKIg==",
      "hasInstallScript": true,
      "engines": {
        "node": ">=16.13"
      },
      "peerDependencies": {
        "prisma": "*"
      },
      "peerDependenciesMeta": {
        "prisma": {
          "optional": true
        }
      }
    },
    "node_modules/@prisma/debug": {
      "version": "5.16.1",
      "resolved": "https://registry.npmjs.org/@prisma/debug/-/debug-5.16.1.tgz",
      "integrity": "sha512-JsNgZAg6BD9RInLSrg7ZYzo11N7cVvYArq3fHGSD89HSgtN0VDdjV6bib7YddbcO6snzjchTiLfjeTqBjtArVQ==",
      "devOptional": true
    },
    "node_modules/@prisma/engines": {
      "version": "5.16.1",
      "resolved": "https://registry.npmjs.org/@prisma/engines/-/engines-5.16.1.tgz",
      "integrity": "sha512-KkyF3eIUtBIyp5A/rJHCtwQO18OjpGgx18PzjyGcJDY/+vNgaVyuVd+TgwBgeq6NLdd1XMwRCI+58vinHsAdfA==",
      "devOptional": true,
      "hasInstallScript": true,
      "dependencies": {
        "@prisma/debug": "5.16.1",
        "@prisma/engines-version": "5.16.0-24.34ace0eb2704183d2c05b60b52fba5c43c13f303",
        "@prisma/fetch-engine": "5.16.1",
        "@prisma/get-platform": "5.16.1"
      }
    },
    "node_modules/@prisma/engines-version": {
      "version": "5.16.0-24.34ace0eb2704183d2c05b60b52fba5c43c13f303",
      "resolved": "https://registry.npmjs.org/@prisma/engines-version/-/engines-version-5.16.0-24.34ace0eb2704183d2c05b60b52fba5c43c13f303.tgz",
      "integrity": "sha512-HkT2WbfmFZ9WUPyuJHhkiADxazHg8Y4gByrTSVeb3OikP6tjQ7txtSUGu9OBOBH0C13dPKN2qqH12xKtHu/Hiw==",
      "devOptional": true
    },
    "node_modules/@prisma/fetch-engine": {
      "version": "5.16.1",
      "resolved": "https://registry.npmjs.org/@prisma/fetch-engine/-/fetch-engine-5.16.1.tgz",
      "integrity": "sha512-oOkjaPU1lhcA/Rvr4GVfd1NLJBwExgNBE36Ueq7dr71kTMwy++a3U3oLd2ZwrV9dj9xoP6LjCcky799D9nEt4w==",
      "devOptional": true,
      "dependencies": {
        "@prisma/debug": "5.16.1",
        "@prisma/engines-version": "5.16.0-24.34ace0eb2704183d2c05b60b52fba5c43c13f303",
        "@prisma/get-platform": "5.16.1"
      }
    },
    "node_modules/@prisma/get-platform": {
      "version": "5.16.1",
      "resolved": "https://registry.npmjs.org/@prisma/get-platform/-/get-platform-5.16.1.tgz",
      "integrity": "sha512-R4IKnWnMkR2nUAbU5gjrPehdQYUUd7RENFD2/D+xXTNhcqczp0N+WEGQ3ViyI3+6mtVcjjNIMdnUTNyu3GxIgA==",
      "devOptional": true,
      "dependencies": {
        "@prisma/debug": "5.16.1"
      }
    },
    "node_modules/prisma": {
      "version": "5.16.1",
      "resolved": "https://registry.npmjs.org/prisma/-/prisma-5.16.1.tgz",
      "integrity": "sha512-Z1Uqodk44diztImxALgJJfNl2Uisl9xDRvqybMKEBYJLNKNhDfAHf+ZIJbZyYiBhLMbKU9cYGdDVG5IIXEnL2Q==",
      "devOptional": true,
      "hasInstallScript": true,
      "dependencies": {
        "@prisma/engines": "5.16.1"
      },
      "bin": {
        "prisma": "build/index.js"
      },
      "engines": {
        "node": ">=16.13"
      }
    }
  }
}
